
Microsoft Visual Studio Solution File, Format Version 12.00
# Visual Studio Version 17
VisualStudioVersion = 17.10.34916.146
MinimumVisualStudioVersion = 10.0.40219.1
Project("{8BC9CEB8-8B4A-11D0-8D11-00A0C91BC942}") = "透明鬼ごっこ", "透明鬼ごっこ\透明鬼ごっこ.vcxproj", "{605511CC-FB9A-4569-A144-1A9B9D5909BF}"
EndProject
Global
	GlobalSection(SolutionConfigurationPlatforms) = preSolution
		Debug|x64 = Debug|x64
		Release|x64 = Release|x64
	EndGlobalSection
	GlobalSection(ProjectConfigurationPlatforms) = postSolution
		{605511CC-FB9A-4569-A144-1A9B9D5909BF}.Debug|x64.ActiveCfg = Debug|x64
		{605511CC-FB9A-4569-A144-1A9B9D5909BF}.Debug|x64.Build.0 = Debug|x64
		{605511CC-FB9A-4569-A144-1A9B9D5909BF}.Release|x64.ActiveCfg = Release|x64
		{605511CC-FB9A-4569-A144-1A9B9D5909BF}.Release|x64.Build.0 = Release|x64
	EndGlobalSection
	GlobalSection(SolutionProperties) = preSolution
		HideSolutionNode = FALSE
	EndGlobalSection
	GlobalSection(ExtensibilityGlobals) = postSolution
		SolutionGuid = {04F04B56-FDBF-4742-B3E2-9183BBD5DE3B}
	EndGlobalSection
EndGlobal
